
Microsoft Visual Studio Solution File, Format Version 12.00
# Visual Studio Version 17
VisualStudioVersion = 17.10.34804.81
MinimumVisualStudioVersion = 10.0.40219.1
Project("{FAE04EC0-301F-11D3-BF4B-00C04F79EFBC}") = "Ergec.CentrifugoChat", "Ergec.CentrifugoChat.csproj", "{2058CEF7-B63E-4DDD-9E44-6F1ABBC86A08}"
EndProject
Global
	GlobalSection(SolutionConfigurationPlatforms) = preSolution
		Debug|Any CPU = Debug|Any CPU
		Release|Any CPU = Release|Any CPU
	EndGlobalSection
	GlobalSection(ProjectConfigurationPlatforms) = postSolution
		{2058CEF7-B63E-4DDD-9E44-6F1ABBC86A08}.Debug|Any CPU.ActiveCfg = Debug|Any CPU
		{2058CEF7-B63E-4DDD-9E44-6F1ABBC86A08}.Debug|Any CPU.Build.0 = Debug|Any CPU
		{2058CEF7-B63E-4DDD-9E44-6F1ABBC86A08}.Release|Any CPU.ActiveCfg = Release|Any CPU
		{2058CEF7-B63E-4DDD-9E44-6F1ABBC86A08}.Release|Any CPU.Build.0 = Release|Any CPU
	EndGlobalSection
	GlobalSection(SolutionProperties) = preSolution
		HideSolutionNode = FALSE
	EndGlobalSection
	GlobalSection(ExtensibilityGlobals) = postSolution
		SolutionGuid = {55E0C546-029C-4EAE-B805-1B702FEE239D}
	EndGlobalSection
EndGlobal
